
Microsoft Visual Studio Solution File, Format Version 12.00
# Visual Studio 15
VisualStudioVersion = 15.0.26730.16
MinimumVisualStudioVersion = 10.0.40219.1
Project("{9A19103F-16F7-4668-BE54-9A1E7A4F7556}") = "Notebook.Model", "Notebook.Model\Notebook.Model.csproj", "{7BB38298-5657-4A26-8A91-12EE4AE0A5A6}"
EndProject
Project("{9A19103F-16F7-4668-BE54-9A1E7A4F7556}") = "NoteWeb", "NoteWeb\NoteWeb.csproj", "{7381FF72-0991-47FC-92CE-F951A87C4281}"
EndProject
Project("{2150E333-8FDC-42A3-9474-1A3956D46DE8}") = "Docker", "Docker", "{4D708883-EB5C-43E7-AADC-7E9C74638B7B}"
	ProjectSection(SolutionItems) = preProject
		docker-compose.yml = docker-compose.yml
		Dockerfile = Dockerfile
		dockerfile-builddb = dockerfile-builddb
		Dockerfile-selfcontained = Dockerfile-selfcontained
	EndProjectSection
EndProject
Project("{2150E333-8FDC-42A3-9474-1A3956D46DE8}") = "DBInit", "DBInit", "{B0551BC3-72B6-49E1-9B71-FB47020511C1}"
	ProjectSection(SolutionItems) = preProject
		DBinit\build-notesdb.sh = DBinit\build-notesdb.sh
		DBinit\notes-sample.sql = DBinit\notes-sample.sql
		DBinit\notesdb.sql = DBinit\notesdb.sql
	EndProjectSection
EndProject
Global
	GlobalSection(SolutionConfigurationPlatforms) = preSolution
		Debug|Any CPU = Debug|Any CPU
		Release|Any CPU = Release|Any CPU
	EndGlobalSection
	GlobalSection(ProjectConfigurationPlatforms) = postSolution
		{7BB38298-5657-4A26-8A91-12EE4AE0A5A6}.Debug|Any CPU.ActiveCfg = Debug|Any CPU
		{7BB38298-5657-4A26-8A91-12EE4AE0A5A6}.Debug|Any CPU.Build.0 = Debug|Any CPU
		{7BB38298-5657-4A26-8A91-12EE4AE0A5A6}.Release|Any CPU.ActiveCfg = Release|Any CPU
		{7BB38298-5657-4A26-8A91-12EE4AE0A5A6}.Release|Any CPU.Build.0 = Release|Any CPU
		{7381FF72-0991-47FC-92CE-F951A87C4281}.Debug|Any CPU.ActiveCfg = Debug|Any CPU
		{7381FF72-0991-47FC-92CE-F951A87C4281}.Debug|Any CPU.Build.0 = Debug|Any CPU
		{7381FF72-0991-47FC-92CE-F951A87C4281}.Release|Any CPU.ActiveCfg = Release|Any CPU
		{7381FF72-0991-47FC-92CE-F951A87C4281}.Release|Any CPU.Build.0 = Release|Any CPU
	EndGlobalSection
	GlobalSection(SolutionProperties) = preSolution
		HideSolutionNode = FALSE
	EndGlobalSection
	GlobalSection(ExtensibilityGlobals) = postSolution
		SolutionGuid = {B14093B8-6714-4E31-B0F1-D102401AF1CD}
	EndGlobalSection
EndGlobal
