
Microsoft Visual Studio Solution File, Format Version 12.00
# Visual Studio 15
VisualStudioVersion = 15.0.26730.12
MinimumVisualStudioVersion = 10.0.40219.1
Project("{FAE04EC0-301F-11D3-BF4B-00C04F79EFBC}") = "Notebook.Model", "Notebook.Model\Notebook.Model.csproj", "{7BB38298-5657-4A26-8A91-12EE4AE0A5A6}"
EndProject
Project("{FAE04EC0-301F-11D3-BF4B-00C04F79EFBC}") = "NoteWeb", "NoteWeb\NoteWeb.csproj", "{7381FF72-0991-47FC-92CE-F951A87C4281}"
EndProject
Global
	GlobalSection(SolutionConfigurationPlatforms) = preSolution
		Debug|Any CPU = Debug|Any CPU
		Release|Any CPU = Release|Any CPU
	EndGlobalSection
	GlobalSection(ProjectConfigurationPlatforms) = postSolution
		{7BB38298-5657-4A26-8A91-12EE4AE0A5A6}.Debug|Any CPU.ActiveCfg = Debug|Any CPU
		{7BB38298-5657-4A26-8A91-12EE4AE0A5A6}.Debug|Any CPU.Build.0 = Debug|Any CPU
		{7BB38298-5657-4A26-8A91-12EE4AE0A5A6}.Release|Any CPU.ActiveCfg = Release|Any CPU
		{7BB38298-5657-4A26-8A91-12EE4AE0A5A6}.Release|Any CPU.Build.0 = Release|Any CPU
		{7381FF72-0991-47FC-92CE-F951A87C4281}.Debug|Any CPU.ActiveCfg = Debug|Any CPU
		{7381FF72-0991-47FC-92CE-F951A87C4281}.Debug|Any CPU.Build.0 = Debug|Any CPU
		{7381FF72-0991-47FC-92CE-F951A87C4281}.Release|Any CPU.ActiveCfg = Release|Any CPU
		{7381FF72-0991-47FC-92CE-F951A87C4281}.Release|Any CPU.Build.0 = Release|Any CPU
	EndGlobalSection
	GlobalSection(SolutionProperties) = preSolution
		HideSolutionNode = FALSE
	EndGlobalSection
	GlobalSection(ExtensibilityGlobals) = postSolution
		SolutionGuid = {B14093B8-6714-4E31-B0F1-D102401AF1CD}
	EndGlobalSection
EndGlobal
